
Microsoft Visual Studio Solution File, Format Version 12.00
# Visual Studio 2012
Project("{FAE04EC0-301F-11D3-BF4B-00C04F79EFBC}") = "Thirty 1.0", "Thirty 1.0\Thirty 1.0.csproj", "{B5211EA2-4BFF-485C-9512-FBDB8C7750A0}"
EndProject
Project("{FAE04EC0-301F-11D3-BF4B-00C04F79EFBC}") = "ModelLayer", "ModelLayer\ModelLayer.csproj", "{6A6F642E-DEF9-4BEE-A135-4211CE2318BF}"
EndProject
Project("{FAE04EC0-301F-11D3-BF4B-00C04F79EFBC}") = "LogicLayer", "LogicLayer\LogicLayer.csproj", "{D7A120FA-CA1C-49B0-AE08-B899161E0A64}"
EndProject
Global
	GlobalSection(SolutionConfigurationPlatforms) = preSolution
		Debug|Any CPU = Debug|Any CPU
		Release|Any CPU = Release|Any CPU
	EndGlobalSection
	GlobalSection(ProjectConfigurationPlatforms) = postSolution
		{B5211EA2-4BFF-485C-9512-FBDB8C7750A0}.Debug|Any CPU.ActiveCfg = Debug|Any CPU
		{B5211EA2-4BFF-485C-9512-FBDB8C7750A0}.Debug|Any CPU.Build.0 = Debug|Any CPU
		{B5211EA2-4BFF-485C-9512-FBDB8C7750A0}.Release|Any CPU.ActiveCfg = Release|Any CPU
		{B5211EA2-4BFF-485C-9512-FBDB8C7750A0}.Release|Any CPU.Build.0 = Release|Any CPU
		{6A6F642E-DEF9-4BEE-A135-4211CE2318BF}.Debug|Any CPU.ActiveCfg = Debug|Any CPU
		{6A6F642E-DEF9-4BEE-A135-4211CE2318BF}.Debug|Any CPU.Build.0 = Debug|Any CPU
		{6A6F642E-DEF9-4BEE-A135-4211CE2318BF}.Release|Any CPU.ActiveCfg = Release|Any CPU
		{6A6F642E-DEF9-4BEE-A135-4211CE2318BF}.Release|Any CPU.Build.0 = Release|Any CPU
		{D7A120FA-CA1C-49B0-AE08-B899161E0A64}.Debug|Any CPU.ActiveCfg = Debug|Any CPU
		{D7A120FA-CA1C-49B0-AE08-B899161E0A64}.Debug|Any CPU.Build.0 = Debug|Any CPU
		{D7A120FA-CA1C-49B0-AE08-B899161E0A64}.Release|Any CPU.ActiveCfg = Release|Any CPU
		{D7A120FA-CA1C-49B0-AE08-B899161E0A64}.Release|Any CPU.Build.0 = Release|Any CPU
	EndGlobalSection
	GlobalSection(SolutionProperties) = preSolution
		HideSolutionNode = FALSE
	EndGlobalSection
EndGlobal
